--- cad_source/zcad.lpi	2019-03-06 21:30:46.709748000 +0000
+++ cad_source/zcad.lpi	2019-03-06 21:31:00.229289000 +0000
@@ -304,7 +304,7 @@
         <PackageName Value="AnchorDocking"/>
       </Item16>
       <Item17>
-        <PackageName Value="LazOpenGLContext"/>
+	<Filename Value="openglcontext.pas"/>
       </Item17>
       <Item18>
         <PackageName Value="LCL"/>
